
Microsoft Visual Studio Solution File, Format Version 11.00
# Visual Studio 2010
Project("{FAE04EC0-301F-11D3-BF4B-00C04F79EFBC}") = "Kill The Gods", "Assembly-CSharp.csproj", "{3A2D066F-C841-64EF-8C25-06F88BC37C8D}"
EndProject
Global
	GlobalSection(SolutionConfigurationPlatforms) = preSolution
		Debug|Any CPU = Debug|Any CPU
		Release|Any CPU = Release|Any CPU
	EndGlobalSection
	GlobalSection(ProjectConfigurationPlatforms) = postSolution
		{3A2D066F-C841-64EF-8C25-06F88BC37C8D}.Debug|Any CPU.ActiveCfg = Debug|Any CPU
		{3A2D066F-C841-64EF-8C25-06F88BC37C8D}.Debug|Any CPU.Build.0 = Debug|Any CPU
		{3A2D066F-C841-64EF-8C25-06F88BC37C8D}.Release|Any CPU.ActiveCfg = Release|Any CPU
		{3A2D066F-C841-64EF-8C25-06F88BC37C8D}.Release|Any CPU.Build.0 = Release|Any CPU
	EndGlobalSection
	GlobalSection(SolutionProperties) = preSolution
		HideSolutionNode = FALSE
	EndGlobalSection
	GlobalSection(MonoDevelopProperties) = preSolution
		StartupItem = Assembly-CSharp.csproj
	EndGlobalSection
EndGlobal
